# This file is autogenerated, do not edit; changes may be undone by the next 'dep ensure'.


[[projects]]
  name = "github.com/leanovate/gopter"
  packages = [
    ".",
    "gen",
    "prop"
  ]
  revision = "f778776473e0ef7764e1434dd01a61cc1ec574b4"
  version = "v0.2.1"

[[projects]]
  name = "golang.org/x/text"
  packages = [
    "collate",
    "collate/build",
    "internal/colltab",
    "internal/gen",
    "internal/tag",
    "internal/triegen",
    "internal/ucd",
    "language",
    "transform",
    "unicode/cldr",
    "unicode/norm",
    "unicode/rangetable"
  ]
  revision = "f21a4dfb5e38f5895301dc265a8def02365cc3d0"
  version = "v0.3.0"

[solve-meta]
  analyzer-name = "dep"
  analyzer-version = 1
  inputs-digest = "1fb71782d9e7b35b568bebe0aa738fed16688cc964d58d3606af7c60f433e139"
  solver-name = "gps-cdcl"
  solver-version = 1
